{
  "name": "LifeStack",
  "lockfileVersion": 3,
  "requires": true,
  "packages": {
    "": {
      "dependencies": {
        "neon": "^2.0.0"
      }
    },
    "node_modules/neon": {
      "version": "2.0.0",
      "resolved": "https://registry.npmjs.org/neon/-/neon-2.0.0.tgz",
      "integrity": "sha512-maODYM+0IkYDPOD0VAuptjrAXowLAPLpRuBdTroj29ZpQWwtwehXAI6nQvb4+10qipE0ZwweVv2F0tuQvpIVFA=="
    }
  }
}
